// !$*UTF8*$!
{
	archiveVersion = 1;
	classes = {
	};
	objectVersion = 50;
	objects = {

/* Begin PBXBuildFile section */
		C50C60972499758400D8DB0C /* AppDelegate.swift in Sources */ = {isa = PBXBuildFile; fileRef = C50C60962499758400D8DB0C /* AppDelegate.swift */; };
		C50C60992499758400D8DB0C /* SceneDelegate.swift in Sources */ = {isa = PBXBuildFile; fileRef = C50C60982499758400D8DB0C /* SceneDelegate.swift */; };
		C50C609B2499758400D8DB0C /* ViewController.swift in Sources */ = {isa = PBXBuildFile; fileRef = C50C609A2499758400D8DB0C /* ViewController.swift */; };
		C50C609E2499758400D8DB0C /* Main.storyboard in Resources */ = {isa = PBXBuildFile; fileRef = C50C609C2499758400D8DB0C /* Main.storyboard */; };
		C50C60A02499758400D8DB0C /* Assets.xcassets in Resources */ = {isa = PBXBuildFile; fileRef = C50C609F2499758400D8DB0C /* Assets.xcassets */; };
		C50C60A32499758400D8DB0C /* LaunchScreen.storyboard in Resources */ = {isa = PBXBuildFile; fileRef = C50C60A12499758400D8DB0C /* LaunchScreen.storyboard */; };
/* End PBXBuildFile section */

/* Begin PBXFileReference section */
		C50C60932499758400D8DB0C /* HWSP2GuessTheFlag.app */ = {isa = PBXFileReference; explicitFileType = wrapper.application; includeInIndex = 0; path = HWSP2GuessTheFlag.app; sourceTree = BUILT_PRODUCTS_DIR; };
		C50C60962499758400D8DB0C /* AppDelegate.swift */ = {isa = PBXFileReference; lastKnownFileType = sourcecode.swift; path = AppDelegate.swift; sourceTree = "<group>"; };
		C50C60982499758400D8DB0C /* SceneDelegate.swift */ = {isa = PBXFileReference; lastKnownFileType = sourcecode.swift; path = SceneDelegate.swift; sourceTree = "<group>"; };
		C50C609A2499758400D8DB0C /* ViewController.swift */ = {isa = PBXFileReference; lastKnownFileType = sourcecode.swift; path = ViewController.swift; sourceTree = "<group>"; };
		C50C609D2499758400D8DB0C /* Base */ = {isa = PBXFileReference; lastKnownFileType = file.storyboard; name = Base; path = Base.lproj/Main.storyboard; sourceTree = "<group>"; };
		C50C609F2499758400D8DB0C /* Assets.xcassets */ = {isa = PBXFileReference; lastKnownFileType = folder.assetcatalog; path = Assets.xcassets; sourceTree = "<group>"; };
		C50C60A22499758400D8DB0C /* Base */ = {isa = PBXFileReference; lastKnownFileType = file.storyboard; name = Base; path = Base.lproj/LaunchScreen.storyboard; sourceTree = "<group>"; };
		C50C60A42499758400D8DB0C /* Info.plist */ = {isa = PBXFileReference; lastKnownFileType = text.plist.xml; path = Info.plist; sourceTree = "<group>"; };
/* End PBXFileReference section */

/* Begin PBXFrameworksBuildPhase section */
		C50C60902499758400D8DB0C /* Frameworks */ = {
			isa = PBXFrameworksBuildPhase;
			buildActionMask = 2147483647;
			files = (
			);
			runOnlyForDeploymentPostprocessing = 0;
		};
/* End PBXFrameworksBuildPhase section */

/* Begin PBXGroup section */
		C50C608A2499758400D8DB0C = {
			isa = PBXGroup;
			children = (
				C50C60952499758400D8DB0C /* HWSP2GuessTheFlag */,
				C50C60942499758400D8DB0C /* Products */,
			);
			sourceTree = "<group>";
		};
		C50C60942499758400D8DB0C /* Products */ = {
			isa = PBXGroup;
			children = (
				C50C60932499758400D8DB0C /* HWSP2GuessTheFlag.app */,
			);
			name = Products;
			sourceTree = "<group>";
		};
		C50C60952499758400D8DB0C /* HWSP2GuessTheFlag */ = {
			isa = PBXGroup;
			children = (
				C50C60962499758400D8DB0C /* AppDelegate.swift */,
				C50C60982499758400D8DB0C /* SceneDelegate.swift */,
				C50C609A2499758400D8DB0C /* ViewController.swift */,
				C50C609C2499758400D8DB0C /* Main.storyboard */,
				C50C609F2499758400D8DB0C /* Assets.xcassets */,
				C50C60A12499758400D8DB0C /* LaunchScreen.storyboard */,
				C50C60A42499758400D8DB0C /* Info.plist */,
			);
			path = HWSP2GuessTheFlag;
			sourceTree = "<group>";
		};
/* End PBXGroup section */

/* Begin PBXNativeTarget section */
		C50C60922499758400D8DB0C /* HWSP2GuessTheFlag */ = {
			isa = PBXNativeTarget;
			buildConfigurationList = C50C60A72499758400D8DB0C /* Build configuration list for PBXNativeTarget "HWSP2GuessTheFlag" */;
			buildPhases = (
				C50C608F2499758400D8DB0C /* Sources */,
				C50C60902499758400D8DB0C /* Frameworks */,
				C50C60912499758400D8DB0C /* Resources */,
			);
			buildRules = (
			);
			dependencies = (
			);
			name = HWSP2GuessTheFlag;
			productName = HWSP2GuessTheFlag;
			productReference = C50C60932499758400D8DB0C /* HWSP2GuessTheFlag.app */;
			productType = "com.apple.product-type.application";
		};
/* End PBXNativeTarget section */

/* Begin PBXProject section */
		C50C608B2499758400D8DB0C /* Project object */ = {
			isa = PBXProject;
			attributes = {
				LastSwiftUpdateCheck = 1150;
				LastUpgradeCheck = 1150;
				ORGANIZATIONNAME = PhilipHayes;
				TargetAttributes = {
					C50C60922499758400D8DB0C = {
						CreatedOnToolsVersion = 11.5;
					};
				};
			};
			buildConfigurationList = C50C608E2499758400D8DB0C /* Build configuration list for PBXProject "HWSP2GuessTheFlag" */;
			compatibilityVersion = "Xcode 9.3";
			developmentRegion = en;
			hasScannedForEncodings = 0;
			knownRegions = (
				en,
				Base,
			);
			mainGroup = C50C608A2499758400D8DB0C;
			productRefGroup = C50C60942499758400D8DB0C /* Products */;
			projectDirPath = "";
			projectRoot = "";
			targets = (
				C50C60922499758400D8DB0C /* HWSP2GuessTheFlag */,
			);
		};
/* End PBXProject section */

/* Begin PBXResourcesBuildPhase section */
		C50C60912499758400D8DB0C /* Resources */ = {
			isa = PBXResourcesBuildPhase;
			buildActionMask = 2147483647;
			files = (
				C50C60A32499758400D8DB0C /* LaunchScreen.storyboard in Resources */,
				C50C60A02499758400D8DB0C /* Assets.xcassets in Resources */,
				C50C609E2499758400D8DB0C /* Main.storyboard in Resources */,
			);
			runOnlyForDeploymentPostprocessing = 0;
		};
/* End PBXResourcesBuildPhase section */

/* Begin PBXSourcesBuildPhase section */
		C50C608F2499758400D8DB0C /* Sources */ = {
			isa = PBXSourcesBuildPhase;
			buildActionMask = 2147483647;
			files = (
				C50C609B2499758400D8DB0C /* ViewController.swift in Sources */,
				C50C60972499758400D8DB0C /* AppDelegate.swift in Sources */,
				C50C60992499758400D8DB0C /* SceneDelegate.swift in Sources */,
			);
			runOnlyForDeploymentPostprocessing = 0;
		};
/* End PBXSourcesBuildPhase section */

/* Begin PBXVariantGroup section */
		C50C609C2499758400D8DB0C /* Main.storyboard */ = {
			isa = PBXVariantGroup;
			children = (
				C50C609D2499758400D8DB0C /* Base */,
			);
			name = Main.storyboard;
			sourceTree = "<group>";
		};
		C50C60A12499758400D8DB0C /* LaunchScreen.storyboard */ = {
			isa = PBXVariantGroup;
			children = (
				C50C60A22499758400D8DB0C /* Base */,
			);
			name = LaunchScreen.storyboard;
			sourceTree = "<group>";
		};
/* End PBXVariantGroup section */

/* Begin XCBuildConfiguration section */
		C50C60A52499758400D8DB0C /* Debug */ = {
			isa = XCBuildConfiguration;
			buildSettings = {
				ALWAYS_SEARCH_USER_PATHS = NO;
				CLANG_ANALYZER_NONNULL = YES;
				CLANG_ANALYZER_NUMBER_OBJECT_CONVERSION = YES_AGGRESSIVE;
				CLANG_CXX_LANGUAGE_STANDARD = "gnu++14";
				CLANG_CXX_LIBRARY = "libc++";
				CLANG_ENABLE_MODULES = YES;
				CLANG_ENABLE_OBJC_ARC = YES;
				CLANG_ENABLE_OBJC_WEAK = YES;
				CLANG_WARN_BLOCK_CAPTURE_AUTORELEASING = YES;
				CLANG_WARN_BOOL_CONVERSION = YES;
				CLANG_WARN_COMMA = YES;
				CLANG_WARN_CONSTANT_CONVERSION = YES;
				CLANG_WARN_DEPRECATED_OBJC_IMPLEMENTATIONS = YES;
				CLANG_WARN_DIRECT_OBJC_ISA_USAGE = YES_ERROR;
				CLANG_WARN_DOCUMENTATION_COMMENTS = YES;
				CLANG_WARN_EMPTY_BODY = YES;
				CLANG_WARN_ENUM_CONVERSION = YES;
				CLANG_WARN_INFINITE_RECURSION = YES;
				CLANG_WARN_INT_CONVERSION = YES;
				CLANG_WARN_NON_LITERAL_NULL_CONVERSION = YES;
				CLANG_WARN_OBJC_IMPLICIT_RETAIN_SELF = YES;
				CLANG_WARN_OBJC_LITERAL_CONVERSION = YES;
				CLANG_WARN_OBJC_ROOT_CLASS = YES_ERROR;
				CLANG_WARN_RANGE_LOOP_ANALYSIS = YES;
				CLANG_WARN_STRICT_PROTOTYPES = YES;
				CLANG_WARN_SUSPICIOUS_MOVE = YES;
				CLANG_WARN_UNGUARDED_AVAILABILITY = YES_AGGRESSIVE;
				CLANG_WARN_UNREACHABLE_CODE = YES;
				CLANG_WARN__DUPLICATE_METHOD_MATCH = YES;
				COPY_PHASE_STRIP = NO;
				DEBUG_INFORMATION_FORMAT = dwarf;
				ENABLE_STRICT_OBJC_MSGSEND = YES;
				ENABLE_TESTABILITY = YES;
				GCC_C_LANGUAGE_STANDARD = gnu11;
				GCC_DYNAMIC_NO_PIC = NO;
				GCC_NO_COMMON_BLOCKS = YES;
				GCC_OPTIMIZATION_LEVEL = 0;
				GCC_PREPROCESSOR_DEFINITIONS = (
					"DEBUG=1",
					"$(inherited)",
				);
				GCC_WARN_64_TO_32_BIT_CONVERSION = YES;
				GCC_WARN_ABOUT_RETURN_TYPE = YES_ERROR;
				GCC_WARN_UNDECLARED_SELECTOR = YES;
				GCC_WARN_UNINITIALIZED_AUTOS = YES_AGGRESSIVE;
				GCC_WARN_UNUSED_FUNCTION = YES;
				GCC_WARN_UNUSED_VARIABLE = YES;
				IPHONEOS_DEPLOYMENT_TARGET = 13.5;
				MTL_ENABLE_DEBUG_INFO = INCLUDE_SOURCE;
				MTL_FAST_MATH = YES;
				ONLY_ACTIVE_ARCH = YES;
				SDKROOT = iphoneos;
				SWIFT_ACTIVE_COMPILATION_CONDITIONS = DEBUG;
				SWIFT_OPTIMIZATION_LEVEL = "-Onone";
			};
			name = Debug;
		};
		C50C60A62499758400D8DB0C /* Release */ = {
			isa = XCBuildConfiguration;
			buildSettings = {
				ALWAYS_SEARCH_USER_PATHS = NO;
				CLANG_ANALYZER_NONNULL = YES;
				CLANG_ANALYZER_NUMBER_OBJECT_CONVERSION = YES_AGGRESSIVE;
				CLANG_CXX_LANGUAGE_STANDARD = "gnu++14";
				CLANG_CXX_LIBRARY = "libc++";
				CLANG_ENABLE_MODULES = YES;
				CLANG_ENABLE_OBJC_ARC = YES;
				CLANG_ENABLE_OBJC_WEAK = YES;
				CLANG_WARN_BLOCK_CAPTURE_AUTORELEASING = YES;
				CLANG_WARN_BOOL_CONVERSION = YES;
				CLANG_WARN_COMMA = YES;
				CLANG_WARN_CONSTANT_CONVERSION = YES;
				CLANG_WARN_DEPRECATED_OBJC_IMPLEMENTATIONS = YES;
				CLANG_WARN_DIRECT_OBJC_ISA_USAGE = YES_ERROR;
				CLANG_WARN_DOCUMENTATION_COMMENTS = YES;
				CLANG_WARN_EMPTY_BODY = YES;
				CLANG_WARN_ENUM_CONVERSION = YES;
				CLANG_WARN_INFINITE_RECURSION = YES;
				CLANG_WARN_INT_CONVERSION = YES;
				CLANG_WARN_NON_LITERAL_NULL_CONVERSION = YES;
				CLANG_WARN_OBJC_IMPLICIT_RETAIN_SELF = YES;
				CLANG_WARN_OBJC_LITERAL_CONVERSION = YES;
				CLANG_WARN_OBJC_ROOT_CLASS = YES_ERROR;
				CLANG_WARN_RANGE_LOOP_ANALYSIS = YES;
				CLANG_WARN_STRICT_PROTOTYPES = YES;
				CLANG_WARN_SUSPICIOUS_MOVE = YES;
				CLANG_WARN_UNGUARDED_AVAILABILITY = YES_AGGRESSIVE;
				CLANG_WARN_UNREACHABLE_CODE = YES;
				CLANG_WARN__DUPLICATE_METHOD_MATCH = YES;
				COPY_PHASE_STRIP = NO;
				DEBUG_INFORMATION_FORMAT = "dwarf-with-dsym";
				ENABLE_NS_ASSERTIONS = NO;
				ENABLE_STRICT_OBJC_MSGSEND = YES;
				GCC_C_LANGUAGE_STANDARD = gnu11;
				GCC_NO_COMMON_BLOCKS = YES;
				GCC_WARN_64_TO_32_BIT_CONVERSION = YES;
				GCC_WARN_ABOUT_RETURN_TYPE = YES_ERROR;
				GCC_WARN_UNDECLARED_SELECTOR = YES;
				GCC_WARN_UNINITIALIZED_AUTOS = YES_AGGRESSIVE;
				GCC_WARN_UNUSED_FUNCTION = YES;
				GCC_WARN_UNUSED_VARIABLE = YES;
				IPHONEOS_DEPLOYMENT_TARGET = 13.5;
				MTL_ENABLE_DEBUG_INFO = NO;
				MTL_FAST_MATH = YES;
				SDKROOT = iphoneos;
				SWIFT_COMPILATION_MODE = wholemodule;
				SWIFT_OPTIMIZATION_LEVEL = "-O";
				VALIDATE_PRODUCT = YES;
			};
			name = Release;
		};
		C50C60A82499758400D8DB0C /* Debug */ = {
			isa = XCBuildConfiguration;
			buildSettings = {
				ASSETCATALOG_COMPILER_APPICON_NAME = AppIcon;
				CODE_SIGN_STYLE = Automatic;
				DEVELOPMENT_TEAM = 45SM322PJ5;
				INFOPLIST_FILE = HWSP2GuessTheFlag/Info.plist;
				LD_RUNPATH_SEARCH_PATHS = (
					"$(inherited)",
					"@executable_path/Frameworks",
				);
				PRODUCT_BUNDLE_IDENTIFIER = com.mcgrathhayes.HWSP2GuessTheFlag;
				PRODUCT_NAME = "$(TARGET_NAME)";
				SWIFT_VERSION = 5.0;
				TARGETED_DEVICE_FAMILY = "1,2";
			};
			name = Debug;
		};
		C50C60A92499758400D8DB0C /* Release */ = {
			isa = XCBuildConfiguration;
			buildSettings = {
				ASSETCATALOG_COMPILER_APPICON_NAME = AppIcon;
				CODE_SIGN_STYLE = Automatic;
				DEVELOPMENT_TEAM = 45SM322PJ5;
				INFOPLIST_FILE = HWSP2GuessTheFlag/Info.plist;
				LD_RUNPATH_SEARCH_PATHS = (
					"$(inherited)",
					"@executable_path/Frameworks",
				);
				PRODUCT_BUNDLE_IDENTIFIER = com.mcgrathhayes.HWSP2GuessTheFlag;
				PRODUCT_NAME = "$(TARGET_NAME)";
				SWIFT_VERSION = 5.0;
				TARGETED_DEVICE_FAMILY = "1,2";
			};
			name = Release;
		};
/* End XCBuildConfiguration section */

/* Begin XCConfigurationList section */
		C50C608E2499758400D8DB0C /* Build configuration list for PBXProject "HWSP2GuessTheFlag" */ = {
			isa = XCConfigurationList;
			buildConfigurations = (
				C50C60A52499758400D8DB0C /* Debug */,
				C50C60A62499758400D8DB0C /* Release */,
			);
			defaultConfigurationIsVisible = 0;
			defaultConfigurationName = Release;
		};
		C50C60A72499758400D8DB0C /* Build configuration list for PBXNativeTarget "HWSP2GuessTheFlag" */ = {
			isa = XCConfigurationList;
			buildConfigurations = (
				C50C60A82499758400D8DB0C /* Debug */,
				C50C60A92499758400D8DB0C /* Release */,
			);
			defaultConfigurationIsVisible = 0;
			defaultConfigurationName = Release;
		};
/* End XCConfigurationList section */
	};
	rootObject = C50C608B2499758400D8DB0C /* Project object */;
}
